{
  "originHash" : "01f286328852d165d87f8fbee99b01f9c2c936f57ac234f76396f74f9d2496dd",
  "pins" : [
    {
      "identity" : "hotkey",
      "kind" : "remoteSourceControl",
      "location" : "https://github.com/soffes/HotKey",
      "state" : {
        "revision" : "31234dfbb4330b90ee10d89fbacb77316781cc06",
        "version" : "0.2.0"
      }
    }
  ],
  "version" : 3
}
