// !$*UTF8*$!
{
	archiveVersion = 1;
	classes = {
	};
	objectVersion = 63;
	objects = {

/* Begin PBXBuildFile section */
		0D6057189A77D34164D6D89C /* NewGistViewController.xib in Resources */ = {isa = PBXBuildFile; fileRef = BE0BFE8A64096BABDF1D9526 /* NewGistViewController.xib */; };
		196A59D68312953EBB184C79 /* Helper.swift in Sources */ = {isa = PBXBuildFile; fileRef = 4FC9192AD7AE86D1A6B83052 /* Helper.swift */; };
		2357ED5BF27199C37B4A50E7 /* MarkdownImporter.swift in Sources */ = {isa = PBXBuildFile; fileRef = 7FA1B8D0669785AACD6A1D99 /* MarkdownImporter.swift */; };
		2D42FEFC7DC053F2F13DDA67 /* MenuBuilder.swift in Sources */ = {isa = PBXBuildFile; fileRef = 2BE81CACE7B7A215EE34D72C /* MenuBuilder.swift */; };
		4AB335F9B776ED7714E88001 /* AppDelegate.swift in Sources */ = {isa = PBXBuildFile; fileRef = F32B9556F3BC3F1536B39499 /* AppDelegate.swift */; };
		586109BBE93C4805D6338DBB /* Extensions.swift in Sources */ = {isa = PBXBuildFile; fileRef = 57467CB9D81B3238606BA2FB /* Extensions.swift */; };
		5C6E08BA391B396F9FB98B95 /* CheckboxTableCellView.swift in Sources */ = {isa = PBXBuildFile; fileRef = 76AF2D48C72CD67289DBD5C4 /* CheckboxTableCellView.swift */; };
		5F48AE98644BA5C0B3924621 /* Main.storyboard in Resources */ = {isa = PBXBuildFile; fileRef = 525334CFF41BE4058EACAD40 /* Main.storyboard */; };
		64C53A835DF71DDA955D7C1E /* Assets.xcassets in Resources */ = {isa = PBXBuildFile; fileRef = 638BAAC7E5548F0470C4770A /* Assets.xcassets */; };
		6F18E8F971C33F487ECA9605 /* GistWindowController.xib in Resources */ = {isa = PBXBuildFile; fileRef = 9D41728FC12B48034E0411CB /* GistWindowController.xib */; };
		85BA88B92FCC2AA60FAC2537 /* MainMenu.xib in Resources */ = {isa = PBXBuildFile; fileRef = 788D6EB50EE505128584362B /* MainMenu.xib */; };
		86C1A19D2E43DAC200546733 /* KeyEscapePressModifer.swift in Sources */ = {isa = PBXBuildFile; fileRef = 86C1A19C2E43DAC200546733 /* KeyEscapePressModifer.swift */; };
		86C1A19F2E43DAE500546733 /* LiquidGlassView.swift in Sources */ = {isa = PBXBuildFile; fileRef = 86C1A19E2E43DAE500546733 /* LiquidGlassView.swift */; };
		874998B99D6F006FFE4101CB /* Assets.xcassets in Resources */ = {isa = PBXBuildFile; fileRef = 00A9CB6F878C749B28785CEF /* Assets.xcassets */; };
		8DF9DDBF27424752C3B0EC35 /* NewGistPanelView.swift in Sources */ = {isa = PBXBuildFile; fileRef = F4091FBEC61C0E1F08870247 /* NewGistPanelView.swift */; };
		973C73BB04A96B60A7565F00 /* GistHelper.app in Resources */ = {isa = PBXBuildFile; fileRef = AA2FE20133D868AF11A5BE9C /* GistHelper.app */; settings = {ATTRIBUTES = (RemoveHeadersOnCopy, ); }; };
		A9DC457BBC920BB12ED015DE /* Gist.swift in Sources */ = {isa = PBXBuildFile; fileRef = 2FABFBA30C556A44090A0469 /* Gist.swift */; };
		B94761ED154AA5C9DBA68D4E /* GistWindowController.swift in Sources */ = {isa = PBXBuildFile; fileRef = C9890C58C684D8E3E223707B /* GistWindowController.swift */; };
		BA86B7B0408837C9A53840C0 /* Preference.swift in Sources */ = {isa = PBXBuildFile; fileRef = C4072D0F8A5EF426B0A11932 /* Preference.swift */; };
		CBD4894F523793C98838E207 /* AppDelegate.swift in Sources */ = {isa = PBXBuildFile; fileRef = 52BBB0E43AD39BB6564E2B86 /* AppDelegate.swift */; };
		EA8A842923BC0C4F785330A5 /* HotKey in Frameworks */ = {isa = PBXBuildFile; productRef = 952F5CDA5BFBA583CCF3091E /* HotKey */; };
		F08F088AD3ABE7C233B0A1CF /* NewGistViewController.swift in Sources */ = {isa = PBXBuildFile; fileRef = AC127C1FBA92206D3793E05A /* NewGistViewController.swift */; };
		F100481BD2324DCF97CE2A47 /* GistTableCellView.swift in Sources */ = {isa = PBXBuildFile; fileRef = 1010604618C2D7E7C2A75837 /* GistTableCellView.swift */; };
/* End PBXBuildFile section */

/* Begin PBXContainerItemProxy section */
		439D4E631C67F192EEA0F545 /* PBXContainerItemProxy */ = {
			isa = PBXContainerItemProxy;
			containerPortal = E6E756086AF2884EE3361C95 /* Project object */;
			proxyType = 1;
			remoteGlobalIDString = A8A8F7E6AF66BB846D3204CE;
			remoteInfo = GistHelper;
		};
/* End PBXContainerItemProxy section */

/* Begin PBXFileReference section */
		00A9CB6F878C749B28785CEF /* Assets.xcassets */ = {isa = PBXFileReference; lastKnownFileType = folder.assetcatalog; path = Assets.xcassets; sourceTree = "<group>"; };
		057BC75301D27590394088B0 /* Base */ = {isa = PBXFileReference; lastKnownFileType = file.xib; name = Base; path = Base.lproj/MainMenu.xib; sourceTree = "<group>"; };
		1010604618C2D7E7C2A75837 /* GistTableCellView.swift */ = {isa = PBXFileReference; lastKnownFileType = sourcecode.swift; path = GistTableCellView.swift; sourceTree = "<group>"; };
		2306D568215A098802A23D47 /* Base */ = {isa = PBXFileReference; lastKnownFileType = file.storyboard; name = Base; path = Base.lproj/Main.storyboard; sourceTree = "<group>"; };
		2BE81CACE7B7A215EE34D72C /* MenuBuilder.swift */ = {isa = PBXFileReference; lastKnownFileType = sourcecode.swift; path = MenuBuilder.swift; sourceTree = "<group>"; };
		2FABFBA30C556A44090A0469 /* Gist.swift */ = {isa = PBXFileReference; lastKnownFileType = sourcecode.swift; path = Gist.swift; sourceTree = "<group>"; };
		4FC9192AD7AE86D1A6B83052 /* Helper.swift */ = {isa = PBXFileReference; lastKnownFileType = sourcecode.swift; path = Helper.swift; sourceTree = "<group>"; };
		52BBB0E43AD39BB6564E2B86 /* AppDelegate.swift */ = {isa = PBXFileReference; lastKnownFileType = sourcecode.swift; path = AppDelegate.swift; sourceTree = "<group>"; };
		57467CB9D81B3238606BA2FB /* Extensions.swift */ = {isa = PBXFileReference; lastKnownFileType = sourcecode.swift; path = Extensions.swift; sourceTree = "<group>"; };
		638BAAC7E5548F0470C4770A /* Assets.xcassets */ = {isa = PBXFileReference; lastKnownFileType = folder.assetcatalog; path = Assets.xcassets; sourceTree = "<group>"; };
		76AF2D48C72CD67289DBD5C4 /* CheckboxTableCellView.swift */ = {isa = PBXFileReference; lastKnownFileType = sourcecode.swift; path = CheckboxTableCellView.swift; sourceTree = "<group>"; };
		7AFE33C74EEB6ABEAEE0098C /* Gist.entitlements */ = {isa = PBXFileReference; lastKnownFileType = text.plist.entitlements; path = Gist.entitlements; sourceTree = "<group>"; };
		7FA1B8D0669785AACD6A1D99 /* MarkdownImporter.swift */ = {isa = PBXFileReference; lastKnownFileType = sourcecode.swift; path = MarkdownImporter.swift; sourceTree = "<group>"; };
		86C1A19C2E43DAC200546733 /* KeyEscapePressModifer.swift */ = {isa = PBXFileReference; lastKnownFileType = sourcecode.swift; path = KeyEscapePressModifer.swift; sourceTree = "<group>"; };
		86C1A19E2E43DAE500546733 /* LiquidGlassView.swift */ = {isa = PBXFileReference; lastKnownFileType = sourcecode.swift; path = LiquidGlassView.swift; sourceTree = "<group>"; };
		98554FA102E49464F9C11A7C /* GistHelper.entitlements */ = {isa = PBXFileReference; lastKnownFileType = text.plist.entitlements; path = GistHelper.entitlements; sourceTree = "<group>"; };
		9D41728FC12B48034E0411CB /* GistWindowController.xib */ = {isa = PBXFileReference; lastKnownFileType = file.xib; path = GistWindowController.xib; sourceTree = "<group>"; };
		A5487E63B7E13009B50346C8 /* Info.plist */ = {isa = PBXFileReference; lastKnownFileType = text.plist; path = Info.plist; sourceTree = "<group>"; };
		AA2FE20133D868AF11A5BE9C /* GistHelper.app */ = {isa = PBXFileReference; explicitFileType = wrapper.application; includeInIndex = 0; path = GistHelper.app; sourceTree = BUILT_PRODUCTS_DIR; };
		AAD2F7CA3B865E03DDF3EA8E /* Info.plist */ = {isa = PBXFileReference; lastKnownFileType = text.plist; path = Info.plist; sourceTree = "<group>"; };
		AC127C1FBA92206D3793E05A /* NewGistViewController.swift */ = {isa = PBXFileReference; lastKnownFileType = sourcecode.swift; path = NewGistViewController.swift; sourceTree = "<group>"; };
		BBB6952791515D501F5EDE38 /* Gist.app */ = {isa = PBXFileReference; explicitFileType = wrapper.application; includeInIndex = 0; path = Gist.app; sourceTree = BUILT_PRODUCTS_DIR; };
		BE0BFE8A64096BABDF1D9526 /* NewGistViewController.xib */ = {isa = PBXFileReference; lastKnownFileType = file.xib; path = NewGistViewController.xib; sourceTree = "<group>"; };
		C4072D0F8A5EF426B0A11932 /* Preference.swift */ = {isa = PBXFileReference; lastKnownFileType = sourcecode.swift; path = Preference.swift; sourceTree = "<group>"; };
		C9890C58C684D8E3E223707B /* GistWindowController.swift */ = {isa = PBXFileReference; lastKnownFileType = sourcecode.swift; path = GistWindowController.swift; sourceTree = "<group>"; };
		F32B9556F3BC3F1536B39499 /* AppDelegate.swift */ = {isa = PBXFileReference; lastKnownFileType = sourcecode.swift; path = AppDelegate.swift; sourceTree = "<group>"; };
		F4091FBEC61C0E1F08870247 /* NewGistPanelView.swift */ = {isa = PBXFileReference; lastKnownFileType = sourcecode.swift; path = NewGistPanelView.swift; sourceTree = "<group>"; };
/* End PBXFileReference section */

/* Begin PBXFrameworksBuildPhase section */
		4C63F2A04C2B79DEFE7B5BB6 /* Frameworks */ = {
			isa = PBXFrameworksBuildPhase;
			buildActionMask = 2147483647;
			files = (
				EA8A842923BC0C4F785330A5 /* HotKey in Frameworks */,
			);
			runOnlyForDeploymentPostprocessing = 0;
		};
/* End PBXFrameworksBuildPhase section */

/* Begin PBXGroup section */
		24A1DE7759F8DB52BA1FCE1B /* Core */ = {
			isa = PBXGroup;
			children = (
				57467CB9D81B3238606BA2FB /* Extensions.swift */,
				2FABFBA30C556A44090A0469 /* Gist.swift */,
				4FC9192AD7AE86D1A6B83052 /* Helper.swift */,
				7FA1B8D0669785AACD6A1D99 /* MarkdownImporter.swift */,
				2BE81CACE7B7A215EE34D72C /* MenuBuilder.swift */,
				C4072D0F8A5EF426B0A11932 /* Preference.swift */,
			);
			path = Core;
			sourceTree = "<group>";
		};
		9B1CC74302453C86E0C76A80 /* Views */ = {
			isa = PBXGroup;
			children = (
				76AF2D48C72CD67289DBD5C4 /* CheckboxTableCellView.swift */,
				1010604618C2D7E7C2A75837 /* GistTableCellView.swift */,
				C9890C58C684D8E3E223707B /* GistWindowController.swift */,
				9D41728FC12B48034E0411CB /* GistWindowController.xib */,
				788D6EB50EE505128584362B /* MainMenu.xib */,
				F4091FBEC61C0E1F08870247 /* NewGistPanelView.swift */,
				AC127C1FBA92206D3793E05A /* NewGistViewController.swift */,
				BE0BFE8A64096BABDF1D9526 /* NewGistViewController.xib */,
				86C1A19C2E43DAC200546733 /* KeyEscapePressModifer.swift */,
				86C1A19E2E43DAE500546733 /* LiquidGlassView.swift */,
			);
			path = Views;
			sourceTree = "<group>";
		};
		BF4A9062ECF09A75E6C80CE4 /* Gist */ = {
			isa = PBXGroup;
			children = (
				F32B9556F3BC3F1536B39499 /* AppDelegate.swift */,
				7AFE33C74EEB6ABEAEE0098C /* Gist.entitlements */,
				24A1DE7759F8DB52BA1FCE1B /* Core */,
				FFA98818E5844E6DEE41FBF7 /* Resources */,
				9B1CC74302453C86E0C76A80 /* Views */,
			);
			path = Gist;
			sourceTree = "<group>";
		};
		CE3886DDF62A69D7914F49B8 = {
			isa = PBXGroup;
			children = (
				BF4A9062ECF09A75E6C80CE4 /* Gist */,
				F2EB6745B2EC38671C2B64A6 /* GistHelper */,
				F1AF2D2BB0493E99F37FC84E /* Products */,
			);
			sourceTree = "<group>";
		};
		F1AF2D2BB0493E99F37FC84E /* Products */ = {
			isa = PBXGroup;
			children = (
				BBB6952791515D501F5EDE38 /* Gist.app */,
				AA2FE20133D868AF11A5BE9C /* GistHelper.app */,
			);
			name = Products;
			sourceTree = "<group>";
		};
		F2EB6745B2EC38671C2B64A6 /* GistHelper */ = {
			isa = PBXGroup;
			children = (
				52BBB0E43AD39BB6564E2B86 /* AppDelegate.swift */,
				00A9CB6F878C749B28785CEF /* Assets.xcassets */,
				98554FA102E49464F9C11A7C /* GistHelper.entitlements */,
				AAD2F7CA3B865E03DDF3EA8E /* Info.plist */,
				525334CFF41BE4058EACAD40 /* Main.storyboard */,
			);
			path = GistHelper;
			sourceTree = "<group>";
		};
		FFA98818E5844E6DEE41FBF7 /* Resources */ = {
			isa = PBXGroup;
			children = (
				638BAAC7E5548F0470C4770A /* Assets.xcassets */,
				A5487E63B7E13009B50346C8 /* Info.plist */,
			);
			path = Resources;
			sourceTree = "<group>";
		};
/* End PBXGroup section */

/* Begin PBXNativeTarget section */
		A3CF454D42DB81B7D461821E /* Gist */ = {
			isa = PBXNativeTarget;
			buildConfigurationList = E18E62498825617D8307384F /* Build configuration list for PBXNativeTarget "Gist" */;
			buildPhases = (
				85F44443074343640CAA82F5 /* Sources */,
				D6EB9C7A64FC87376A0C07DD /* Resources */,
				4C63F2A04C2B79DEFE7B5BB6 /* Frameworks */,
			);
			buildRules = (
			);
			dependencies = (
				2B76E6F4CFBFD64DAFB4FF41 /* PBXTargetDependency */,
			);
			name = Gist;
			packageProductDependencies = (
				952F5CDA5BFBA583CCF3091E /* HotKey */,
			);
			productName = Gist;
			productReference = BBB6952791515D501F5EDE38 /* Gist.app */;
			productType = "com.apple.product-type.application";
		};
		A8A8F7E6AF66BB846D3204CE /* GistHelper */ = {
			isa = PBXNativeTarget;
			buildConfigurationList = D627A0BF544428D943160359 /* Build configuration list for PBXNativeTarget "GistHelper" */;
			buildPhases = (
				561C032D2621347D4EC7C0B0 /* Sources */,
				83E59F8E988163F19B694070 /* Resources */,
			);
			buildRules = (
			);
			dependencies = (
			);
			name = GistHelper;
			packageProductDependencies = (
			);
			productName = GistHelper;
			productReference = AA2FE20133D868AF11A5BE9C /* GistHelper.app */;
			productType = "com.apple.product-type.application";
		};
/* End PBXNativeTarget section */

/* Begin PBXProject section */
		E6E756086AF2884EE3361C95 /* Project object */ = {
			isa = PBXProject;
			attributes = {
				BuildIndependentTargetsInParallel = YES;
				LastUpgradeCheck = 1430;
				TargetAttributes = {
					A3CF454D42DB81B7D461821E = {
						DevelopmentTeam = "";
						ProvisioningStyle = Automatic;
					};
					A8A8F7E6AF66BB846D3204CE = {
						DevelopmentTeam = "";
						ProvisioningStyle = Automatic;
					};
				};
			};
			buildConfigurationList = 9FEA49D77E21034E24517AB6 /* Build configuration list for PBXProject "Gist" */;
			compatibilityVersion = "Xcode 14.0";
			developmentRegion = en;
			hasScannedForEncodings = 0;
			knownRegions = (
				Base,
				en,
			);
			mainGroup = CE3886DDF62A69D7914F49B8;
			minimizedProjectReferenceProxies = 1;
			packageReferences = (
				097EF93C666C44B1CCEAFFB0 /* XCRemoteSwiftPackageReference "HotKey" */,
			);
			projectDirPath = "";
			projectRoot = "";
			targets = (
				A3CF454D42DB81B7D461821E /* Gist */,
				A8A8F7E6AF66BB846D3204CE /* GistHelper */,
			);
		};
/* End PBXProject section */

/* Begin PBXResourcesBuildPhase section */
		83E59F8E988163F19B694070 /* Resources */ = {
			isa = PBXResourcesBuildPhase;
			buildActionMask = 2147483647;
			files = (
				874998B99D6F006FFE4101CB /* Assets.xcassets in Resources */,
				5F48AE98644BA5C0B3924621 /* Main.storyboard in Resources */,
			);
			runOnlyForDeploymentPostprocessing = 0;
		};
		D6EB9C7A64FC87376A0C07DD /* Resources */ = {
			isa = PBXResourcesBuildPhase;
			buildActionMask = 2147483647;
			files = (
				64C53A835DF71DDA955D7C1E /* Assets.xcassets in Resources */,
				6F18E8F971C33F487ECA9605 /* GistWindowController.xib in Resources */,
				85BA88B92FCC2AA60FAC2537 /* MainMenu.xib in Resources */,
				0D6057189A77D34164D6D89C /* NewGistViewController.xib in Resources */,
				973C73BB04A96B60A7565F00 /* GistHelper.app in Resources */,
			);
			runOnlyForDeploymentPostprocessing = 0;
		};
/* End PBXResourcesBuildPhase section */

/* Begin PBXSourcesBuildPhase section */
		561C032D2621347D4EC7C0B0 /* Sources */ = {
			isa = PBXSourcesBuildPhase;
			buildActionMask = 2147483647;
			files = (
				CBD4894F523793C98838E207 /* AppDelegate.swift in Sources */,
			);
			runOnlyForDeploymentPostprocessing = 0;
		};
		85F44443074343640CAA82F5 /* Sources */ = {
			isa = PBXSourcesBuildPhase;
			buildActionMask = 2147483647;
			files = (
				4AB335F9B776ED7714E88001 /* AppDelegate.swift in Sources */,
				5C6E08BA391B396F9FB98B95 /* CheckboxTableCellView.swift in Sources */,
				586109BBE93C4805D6338DBB /* Extensions.swift in Sources */,
				A9DC457BBC920BB12ED015DE /* Gist.swift in Sources */,
				F100481BD2324DCF97CE2A47 /* GistTableCellView.swift in Sources */,
				B94761ED154AA5C9DBA68D4E /* GistWindowController.swift in Sources */,
				196A59D68312953EBB184C79 /* Helper.swift in Sources */,
				2357ED5BF27199C37B4A50E7 /* MarkdownImporter.swift in Sources */,
				2D42FEFC7DC053F2F13DDA67 /* MenuBuilder.swift in Sources */,
				8DF9DDBF27424752C3B0EC35 /* NewGistPanelView.swift in Sources */,
				86C1A19D2E43DAC200546733 /* KeyEscapePressModifer.swift in Sources */,
				F08F088AD3ABE7C233B0A1CF /* NewGistViewController.swift in Sources */,
				BA86B7B0408837C9A53840C0 /* Preference.swift in Sources */,
				86C1A19F2E43DAE500546733 /* LiquidGlassView.swift in Sources */,
			);
			runOnlyForDeploymentPostprocessing = 0;
		};
/* End PBXSourcesBuildPhase section */

/* Begin PBXTargetDependency section */
		2B76E6F4CFBFD64DAFB4FF41 /* PBXTargetDependency */ = {
			isa = PBXTargetDependency;
			target = A8A8F7E6AF66BB846D3204CE /* GistHelper */;
			targetProxy = 439D4E631C67F192EEA0F545 /* PBXContainerItemProxy */;
		};
/* End PBXTargetDependency section */

/* Begin PBXVariantGroup section */
		525334CFF41BE4058EACAD40 /* Main.storyboard */ = {
			isa = PBXVariantGroup;
			children = (
				2306D568215A098802A23D47 /* Base */,
			);
			name = Main.storyboard;
			sourceTree = "<group>";
		};
		788D6EB50EE505128584362B /* MainMenu.xib */ = {
			isa = PBXVariantGroup;
			children = (
				057BC75301D27590394088B0 /* Base */,
			);
			name = MainMenu.xib;
			sourceTree = "<group>";
		};
/* End PBXVariantGroup section */

/* Begin XCBuildConfiguration section */
		0DE9D0BD939DF38E46892473 /* Release */ = {
			isa = XCBuildConfiguration;
			buildSettings = {
				ASSETCATALOG_COMPILER_APPICON_NAME = AppIcon;
				ASSETCATALOG_COMPILER_GLOBAL_ACCENT_COLOR_NAME = AccentColor;
				CODE_SIGN_ENTITLEMENTS = GistHelper/GistHelper.entitlements;
				CODE_SIGN_STYLE = Automatic;
				COMBINE_HIDPI_IMAGES = YES;
				CURRENT_PROJECT_VERSION = 1;
				DEVELOPMENT_TEAM = "";
				ENABLE_HARDENED_RUNTIME = YES;
				GENERATE_INFOPLIST_FILE = NO;
				INFOPLIST_FILE = GistHelper/Info.plist;
				INFOPLIST_KEY_CFBundleDisplayName = GistHelper;
				INFOPLIST_KEY_LSApplicationCategoryType = "public.app-category.productivity";
				INFOPLIST_KEY_NSHumanReadableCopyright = "";
				INFOPLIST_KEY_NSMainStoryboardFile = Main;
				INFOPLIST_KEY_NSPrincipalClass = NSApplication;
				LD_RUNPATH_SEARCH_PATHS = (
					"$(inherited)",
					"@executable_path/../Frameworks",
				);
				MACOSX_DEPLOYMENT_TARGET = 13.0;
				MARKETING_VERSION = 1.0.0;
				PRODUCT_BUNDLE_IDENTIFIER = com.uwaisalqadri.app.gist.helper;
				PRODUCT_NAME = "$(TARGET_NAME)";
				REGISTER_APP_GROUPS = YES;
				SDKROOT = macosx;
				SKIP_INSTALL = YES;
				SWIFT_EMIT_LOC_STRINGS = YES;
				SWIFT_OPTIMIZATION_LEVEL = "-Onone";
				SWIFT_VERSION = 5.0;
			};
			name = Release;
		};
		15127C345CE4D10D9E22F06C /* Release */ = {
			isa = XCBuildConfiguration;
			buildSettings = {
				ALWAYS_SEARCH_USER_PATHS = NO;
				ASSETCATALOG_COMPILER_GENERATE_SWIFT_ASSET_SYMBOL_EXTENSIONS = YES;
				CLANG_ANALYZER_NONNULL = YES;
				CLANG_ANALYZER_NUMBER_OBJECT_CONVERSION = YES_AGGRESSIVE;
				CLANG_CXX_LANGUAGE_STANDARD = "gnu++20";
				CLANG_CXX_LIBRARY = "libc++";
				CLANG_ENABLE_MODULES = YES;
				CLANG_ENABLE_OBJC_ARC = YES;
				CLANG_ENABLE_OBJC_WEAK = YES;
				CLANG_WARN_BLOCK_CAPTURE_AUTORELEASING = YES;
				CLANG_WARN_BOOL_CONVERSION = YES;
				CLANG_WARN_COMMA = YES;
				CLANG_WARN_CONSTANT_CONVERSION = YES;
				CLANG_WARN_DEPRECATED_OBJC_IMPLEMENTATIONS = YES;
				CLANG_WARN_DIRECT_OBJC_ISA_USAGE = YES_ERROR;
				CLANG_WARN_DOCUMENTATION_COMMENTS = YES;
				CLANG_WARN_EMPTY_BODY = YES;
				CLANG_WARN_ENUM_CONVERSION = YES;
				CLANG_WARN_INFINITE_RECURSION = YES;
				CLANG_WARN_INT_CONVERSION = YES;
				CLANG_WARN_NON_LITERAL_NULL_CONVERSION = YES;
				CLANG_WARN_OBJC_IMPLICIT_RETAIN_SELF = YES;
				CLANG_WARN_OBJC_LITERAL_CONVERSION = YES;
				CLANG_WARN_OBJC_ROOT_CLASS = YES_ERROR;
				CLANG_WARN_QUOTED_INCLUDE_IN_FRAMEWORK_HEADER = YES;
				CLANG_WARN_RANGE_LOOP_ANALYSIS = YES;
				CLANG_WARN_STRICT_PROTOTYPES = YES;
				CLANG_WARN_SUSPICIOUS_MOVE = YES;
				CLANG_WARN_UNGUARDED_AVAILABILITY = YES_AGGRESSIVE;
				CLANG_WARN_UNREACHABLE_CODE = YES;
				CLANG_WARN_UNUSED_FUNCTION = YES;
				CLANG_WARN_UNUSED_VARIABLE = YES;
				CLANG_WARN__DUPLICATE_METHOD_MATCH = YES;
				COPY_PHASE_STRIP = NO;
				DEBUG_INFORMATION_FORMAT = "dwarf-with-dsym";
				ENABLE_NS_ASSERTIONS = NO;
				ENABLE_STRICT_OBJC_MSGSEND = YES;
				ENABLE_TESTABILITY = YES;
				GCC_C_LANGUAGE_STANDARD = gnu17;
				GCC_DYNAMIC_NO_PIC = NO;
				GCC_NO_COMMON_BLOCKS = YES;
				GCC_OPTIMIZATION_LEVEL = 0;
				GCC_PREPROCESSOR_DEFINITIONS = (
					"DEBUG=1",
					"$(inherited)",
				);
				GCC_WARN_64_TO_32_BIT_CONVERSION = YES;
				GCC_WARN_ABOUT_RETURN_TYPE = YES_ERROR;
				GCC_WARN_UNDECLARED_SELECTOR = YES;
				GCC_WARN_UNINITIALIZED_AUTOS = YES_AGGRESSIVE;
				GCC_WARN_UNUSED_FUNCTION = YES;
				GCC_WARN_UNUSED_VARIABLE = YES;
				LOCALIZATION_PREFERS_STRING_CATALOGS = YES;
				MACOSX_DEPLOYMENT_TARGET = 13.0;
				MTL_ENABLE_DEBUG_INFO = INCLUDE_SOURCE;
				MTL_FAST_MATH = YES;
				ONLY_ACTIVE_ARCH = YES;
				PRODUCT_NAME = "$(TARGET_NAME)";
				SDKROOT = macosx;
				SWIFT_ACTIVE_COMPILATION_CONDITIONS = "DEBUG $(inherited)";
				SWIFT_COMPILATION_MODE = wholemodule;
				SWIFT_OPTIMIZATION_LEVEL = "-Onone";
				SWIFT_VERSION = 4.0;
			};
			name = Release;
		};
		167C4146CAD0E8713BCA6D57 /* Debug */ = {
			isa = XCBuildConfiguration;
			buildSettings = {
				ASSETCATALOG_COMPILER_APPICON_NAME = AppIcon;
				ASSETCATALOG_COMPILER_GLOBAL_ACCENT_COLOR_NAME = AccentColor;
				CODE_SIGN_ENTITLEMENTS = GistHelper/GistHelper.entitlements;
				CODE_SIGN_STYLE = Automatic;
				COMBINE_HIDPI_IMAGES = YES;
				CURRENT_PROJECT_VERSION = 1;
				DEVELOPMENT_TEAM = "";
				ENABLE_HARDENED_RUNTIME = YES;
				GENERATE_INFOPLIST_FILE = NO;
				INFOPLIST_FILE = GistHelper/Info.plist;
				INFOPLIST_KEY_CFBundleDisplayName = GistHelper;
				INFOPLIST_KEY_LSApplicationCategoryType = "public.app-category.productivity";
				INFOPLIST_KEY_NSHumanReadableCopyright = "";
				INFOPLIST_KEY_NSMainStoryboardFile = Main;
				INFOPLIST_KEY_NSPrincipalClass = NSApplication;
				LD_RUNPATH_SEARCH_PATHS = (
					"$(inherited)",
					"@executable_path/../Frameworks",
				);
				MACOSX_DEPLOYMENT_TARGET = 13.0;
				MARKETING_VERSION = 1.0.0;
				PRODUCT_BUNDLE_IDENTIFIER = com.uwaisalqadri.app.gist.helper;
				PRODUCT_NAME = "$(TARGET_NAME)";
				REGISTER_APP_GROUPS = YES;
				SDKROOT = macosx;
				SKIP_INSTALL = YES;
				SWIFT_EMIT_LOC_STRINGS = YES;
				SWIFT_OPTIMIZATION_LEVEL = "-Onone";
				SWIFT_VERSION = 5.0;
			};
			name = Debug;
		};
		4F2B9A78DCCAE64A49AC93E2 /* Debug */ = {
			isa = XCBuildConfiguration;
			buildSettings = {
				ALWAYS_SEARCH_USER_PATHS = NO;
				ASSETCATALOG_COMPILER_GENERATE_SWIFT_ASSET_SYMBOL_EXTENSIONS = YES;
				CLANG_ANALYZER_NONNULL = YES;
				CLANG_ANALYZER_NUMBER_OBJECT_CONVERSION = YES_AGGRESSIVE;
				CLANG_CXX_LANGUAGE_STANDARD = "gnu++20";
				CLANG_CXX_LIBRARY = "libc++";
				CLANG_ENABLE_MODULES = YES;
				CLANG_ENABLE_OBJC_ARC = YES;
				CLANG_ENABLE_OBJC_WEAK = YES;
				CLANG_WARN_BLOCK_CAPTURE_AUTORELEASING = YES;
				CLANG_WARN_BOOL_CONVERSION = YES;
				CLANG_WARN_COMMA = YES;
				CLANG_WARN_CONSTANT_CONVERSION = YES;
				CLANG_WARN_DEPRECATED_OBJC_IMPLEMENTATIONS = YES;
				CLANG_WARN_DIRECT_OBJC_ISA_USAGE = YES_ERROR;
				CLANG_WARN_DOCUMENTATION_COMMENTS = YES;
				CLANG_WARN_EMPTY_BODY = YES;
				CLANG_WARN_ENUM_CONVERSION = YES;
				CLANG_WARN_INFINITE_RECURSION = YES;
				CLANG_WARN_INT_CONVERSION = YES;
				CLANG_WARN_NON_LITERAL_NULL_CONVERSION = YES;
				CLANG_WARN_OBJC_IMPLICIT_RETAIN_SELF = YES;
				CLANG_WARN_OBJC_LITERAL_CONVERSION = YES;
				CLANG_WARN_OBJC_ROOT_CLASS = YES_ERROR;
				CLANG_WARN_QUOTED_INCLUDE_IN_FRAMEWORK_HEADER = YES;
				CLANG_WARN_RANGE_LOOP_ANALYSIS = YES;
				CLANG_WARN_STRICT_PROTOTYPES = YES;
				CLANG_WARN_SUSPICIOUS_MOVE = YES;
				CLANG_WARN_UNGUARDED_AVAILABILITY = YES_AGGRESSIVE;
				CLANG_WARN_UNREACHABLE_CODE = YES;
				CLANG_WARN_UNUSED_FUNCTION = YES;
				CLANG_WARN_UNUSED_VARIABLE = YES;
				CLANG_WARN__DUPLICATE_METHOD_MATCH = YES;
				COPY_PHASE_STRIP = NO;
				DEBUG_INFORMATION_FORMAT = dwarf;
				ENABLE_STRICT_OBJC_MSGSEND = YES;
				ENABLE_TESTABILITY = YES;
				GCC_C_LANGUAGE_STANDARD = gnu17;
				GCC_DYNAMIC_NO_PIC = NO;
				GCC_NO_COMMON_BLOCKS = YES;
				GCC_OPTIMIZATION_LEVEL = 0;
				GCC_PREPROCESSOR_DEFINITIONS = (
					"DEBUG=1",
					"$(inherited)",
				);
				GCC_WARN_64_TO_32_BIT_CONVERSION = YES;
				GCC_WARN_ABOUT_RETURN_TYPE = YES_ERROR;
				GCC_WARN_UNDECLARED_SELECTOR = YES;
				GCC_WARN_UNINITIALIZED_AUTOS = YES_AGGRESSIVE;
				GCC_WARN_UNUSED_FUNCTION = YES;
				GCC_WARN_UNUSED_VARIABLE = YES;
				LOCALIZATION_PREFERS_STRING_CATALOGS = YES;
				MACOSX_DEPLOYMENT_TARGET = 13.0;
				MTL_ENABLE_DEBUG_INFO = INCLUDE_SOURCE;
				MTL_FAST_MATH = YES;
				ONLY_ACTIVE_ARCH = YES;
				PRODUCT_NAME = "$(TARGET_NAME)";
				SDKROOT = macosx;
				SWIFT_ACTIVE_COMPILATION_CONDITIONS = "DEBUG $(inherited)";
				SWIFT_OPTIMIZATION_LEVEL = "-Onone";
				SWIFT_VERSION = 4.0;
			};
			name = Debug;
		};
		59A6FA1B4047C6B85C239452 /* Debug */ = {
			isa = XCBuildConfiguration;
			buildSettings = {
				ASSETCATALOG_COMPILER_APPICON_NAME = AppIcon;
				ASSETCATALOG_COMPILER_GLOBAL_ACCENT_COLOR_NAME = AccentColor;
				CODE_SIGN_ENTITLEMENTS = Gist/Gist.entitlements;
				CODE_SIGN_STYLE = Automatic;
				COMBINE_HIDPI_IMAGES = YES;
				CURRENT_PROJECT_VERSION = 1;
				DEVELOPMENT_TEAM = "";
				ENABLE_HARDENED_RUNTIME = YES;
				GENERATE_INFOPLIST_FILE = NO;
				INFOPLIST_FILE = Gist/Resources/Info.plist;
				INFOPLIST_KEY_CFBundleDisplayName = Gist;
				INFOPLIST_KEY_LSApplicationCategoryType = "public.app-category.productivity";
				INFOPLIST_KEY_NSHumanReadableCopyright = "";
				INFOPLIST_KEY_NSMainNibFile = MainMenu;
				INFOPLIST_KEY_NSPrincipalClass = NSApplication;
				LD_RUNPATH_SEARCH_PATHS = (
					"$(inherited)",
					"@executable_path/../Frameworks",
				);
				MACOSX_DEPLOYMENT_TARGET = 13.0;
				MARKETING_VERSION = 1.0.0;
				PRODUCT_BUNDLE_IDENTIFIER = com.uwaisalqadri.app.gist;
				PRODUCT_NAME = "$(TARGET_NAME)";
				REGISTER_APP_GROUPS = YES;
				SDKROOT = macosx;
				SKIP_INSTALL = NO;
				SWIFT_EMIT_LOC_STRINGS = YES;
				SWIFT_VERSION = 4.0;
			};
			name = Debug;
		};
		826483CAC4327EFE674DA7B2 /* Release */ = {
			isa = XCBuildConfiguration;
			buildSettings = {
				ASSETCATALOG_COMPILER_APPICON_NAME = AppIcon;
				ASSETCATALOG_COMPILER_GLOBAL_ACCENT_COLOR_NAME = AccentColor;
				CODE_SIGN_ENTITLEMENTS = Gist/Gist.entitlements;
				CODE_SIGN_STYLE = Automatic;
				COMBINE_HIDPI_IMAGES = YES;
				CURRENT_PROJECT_VERSION = 1;
				DEVELOPMENT_TEAM = "";
				ENABLE_HARDENED_RUNTIME = YES;
				GENERATE_INFOPLIST_FILE = NO;
				INFOPLIST_FILE = Gist/Resources/Info.plist;
				INFOPLIST_KEY_CFBundleDisplayName = Gist;
				INFOPLIST_KEY_LSApplicationCategoryType = "public.app-category.productivity";
				INFOPLIST_KEY_NSHumanReadableCopyright = "";
				INFOPLIST_KEY_NSMainNibFile = MainMenu;
				INFOPLIST_KEY_NSPrincipalClass = NSApplication;
				LD_RUNPATH_SEARCH_PATHS = (
					"$(inherited)",
					"@executable_path/../Frameworks",
				);
				MACOSX_DEPLOYMENT_TARGET = 13.0;
				MARKETING_VERSION = 1.0.0;
				PRODUCT_BUNDLE_IDENTIFIER = com.uwaisalqadri.app.gist;
				PRODUCT_NAME = "$(TARGET_NAME)";
				REGISTER_APP_GROUPS = YES;
				SDKROOT = macosx;
				SKIP_INSTALL = NO;
				SWIFT_EMIT_LOC_STRINGS = YES;
				SWIFT_VERSION = 4.0;
			};
			name = Release;
		};
/* End XCBuildConfiguration section */

/* Begin XCConfigurationList section */
		9FEA49D77E21034E24517AB6 /* Build configuration list for PBXProject "Gist" */ = {
			isa = XCConfigurationList;
			buildConfigurations = (
				4F2B9A78DCCAE64A49AC93E2 /* Debug */,
				15127C345CE4D10D9E22F06C /* Release */,
			);
			defaultConfigurationIsVisible = 0;
			defaultConfigurationName = Debug;
		};
		D627A0BF544428D943160359 /* Build configuration list for PBXNativeTarget "GistHelper" */ = {
			isa = XCConfigurationList;
			buildConfigurations = (
				167C4146CAD0E8713BCA6D57 /* Debug */,
				0DE9D0BD939DF38E46892473 /* Release */,
			);
			defaultConfigurationIsVisible = 0;
			defaultConfigurationName = Debug;
		};
		E18E62498825617D8307384F /* Build configuration list for PBXNativeTarget "Gist" */ = {
			isa = XCConfigurationList;
			buildConfigurations = (
				59A6FA1B4047C6B85C239452 /* Debug */,
				826483CAC4327EFE674DA7B2 /* Release */,
			);
			defaultConfigurationIsVisible = 0;
			defaultConfigurationName = Debug;
		};
/* End XCConfigurationList section */

/* Begin XCRemoteSwiftPackageReference section */
		097EF93C666C44B1CCEAFFB0 /* XCRemoteSwiftPackageReference "HotKey" */ = {
			isa = XCRemoteSwiftPackageReference;
			repositoryURL = "https://github.com/soffes/HotKey";
			requirement = {
				kind = exactVersion;
				version = 0.2.0;
			};
		};
/* End XCRemoteSwiftPackageReference section */

/* Begin XCSwiftPackageProductDependency section */
		952F5CDA5BFBA583CCF3091E /* HotKey */ = {
			isa = XCSwiftPackageProductDependency;
			package = 097EF93C666C44B1CCEAFFB0 /* XCRemoteSwiftPackageReference "HotKey" */;
			productName = HotKey;
		};
/* End XCSwiftPackageProductDependency section */
	};
	rootObject = E6E756086AF2884EE3361C95 /* Project object */;
}
