// !$*UTF8*$!
{
	archiveVersion = 1;
	classes = {
	};
	objectVersion = 56;
	objects = {

/* Begin PBXBuildFile section */
		863A2E3D2C9D5C31007E9A82 /* Helper.swift in Sources */ = {isa = PBXBuildFile; fileRef = 863A2E3C2C9D5C31007E9A82 /* Helper.swift */; };
		86831E262C9D27EA004750B4 /* MenuBuilder.swift in Sources */ = {isa = PBXBuildFile; fileRef = 86831E252C9D27EA004750B4 /* MenuBuilder.swift */; };
		CE45957D2BB1C76500884863 /* Extensions.swift in Sources */ = {isa = PBXBuildFile; fileRef = CE45956C2BB1C76500884863 /* Extensions.swift */; };
		CE45957E2BB1C76500884863 /* Gist.swift in Sources */ = {isa = PBXBuildFile; fileRef = CE45956D2BB1C76500884863 /* Gist.swift */; };
		CE45957F2BB1C76500884863 /* Preference.swift in Sources */ = {isa = PBXBuildFile; fileRef = CE45956E2BB1C76500884863 /* Preference.swift */; };
		CE4595802BB1C76500884863 /* GistTableCellView.swift in Sources */ = {isa = PBXBuildFile; fileRef = CE4595702BB1C76500884863 /* GistTableCellView.swift */; };
		CE4595812BB1C76500884863 /* MainMenu.xib in Resources */ = {isa = PBXBuildFile; fileRef = CE4595712BB1C76500884863 /* MainMenu.xib */; };
		CE4595822BB1C76500884863 /* GistWindowController.swift in Sources */ = {isa = PBXBuildFile; fileRef = CE4595732BB1C76500884863 /* GistWindowController.swift */; };
		CE4595832BB1C76500884863 /* NewGistPanelView.swift in Sources */ = {isa = PBXBuildFile; fileRef = CE4595742BB1C76500884863 /* NewGistPanelView.swift */; };
		CE4595842BB1C76500884863 /* GistWindowController.xib in Resources */ = {isa = PBXBuildFile; fileRef = CE4595752BB1C76500884863 /* GistWindowController.xib */; };
		CE4595852BB1C76500884863 /* NewGistViewController.xib in Resources */ = {isa = PBXBuildFile; fileRef = CE4595762BB1C76500884863 /* NewGistViewController.xib */; };
		CE4595862BB1C76500884863 /* NewGistViewController.swift in Sources */ = {isa = PBXBuildFile; fileRef = CE4595772BB1C76500884863 /* NewGistViewController.swift */; };
		CE4595872BB1C76500884863 /* CheckboxTableCellView.swift in Sources */ = {isa = PBXBuildFile; fileRef = CE4595782BB1C76500884863 /* CheckboxTableCellView.swift */; };
		CE4595882BB1C76500884863 /* AppDelegate.swift in Sources */ = {isa = PBXBuildFile; fileRef = CE4595792BB1C76500884863 /* AppDelegate.swift */; };
		CE4595892BB1C76500884863 /* Assets.xcassets in Resources */ = {isa = PBXBuildFile; fileRef = CE45957B2BB1C76500884863 /* Assets.xcassets */; };
		CE4595902BB1CD4300884863 /* HotKey in Frameworks */ = {isa = PBXBuildFile; productRef = CE45958F2BB1CD4300884863 /* HotKey */; };
		E208F0242C69F9AD00E59F88 /* AppDelegate.swift in Sources */ = {isa = PBXBuildFile; fileRef = E208F0232C69F9AD00E59F88 /* AppDelegate.swift */; };
		E208F0282C69F9AF00E59F88 /* Assets.xcassets in Resources */ = {isa = PBXBuildFile; fileRef = E208F0272C69F9AF00E59F88 /* Assets.xcassets */; };
		E208F02B2C69F9AF00E59F88 /* Base in Resources */ = {isa = PBXBuildFile; fileRef = E208F02A2C69F9AF00E59F88 /* Base */; };
		E208F0312C69F9F900E59F88 /* Info.plist in Resources */ = {isa = PBXBuildFile; fileRef = E208F0302C69F9F900E59F88 /* Info.plist */; };
		E20B7CA92C69FC8400193EC6 /* GistHelper.app in CopyFiles */ = {isa = PBXBuildFile; fileRef = E208F0212C69F9AD00E59F88 /* GistHelper.app */; settings = {ATTRIBUTES = (RemoveHeadersOnCopy, ); }; };
/* End PBXBuildFile section */

/* Begin PBXCopyFilesBuildPhase section */
		E20B7CA82C69FC4100193EC6 /* CopyFiles */ = {
			isa = PBXCopyFilesBuildPhase;
			buildActionMask = 2147483647;
			dstPath = Contents/Library/LoginItems;
			dstSubfolderSpec = 1;
			files = (
				E20B7CA92C69FC8400193EC6 /* GistHelper.app in CopyFiles */,
			);
			runOnlyForDeploymentPostprocessing = 0;
		};
/* End PBXCopyFilesBuildPhase section */

/* Begin PBXFileReference section */
		1E545FC41E0AD7E500D19810 /* Gist.app */ = {isa = PBXFileReference; explicitFileType = wrapper.application; includeInIndex = 0; path = Gist.app; sourceTree = BUILT_PRODUCTS_DIR; };
		863A2E3C2C9D5C31007E9A82 /* Helper.swift */ = {isa = PBXFileReference; lastKnownFileType = sourcecode.swift; path = Helper.swift; sourceTree = "<group>"; };
		86831E252C9D27EA004750B4 /* MenuBuilder.swift */ = {isa = PBXFileReference; lastKnownFileType = sourcecode.swift; path = MenuBuilder.swift; sourceTree = "<group>"; };
		86EE5AE42E3664AB008B10EC /* Gist.entitlements */ = {isa = PBXFileReference; lastKnownFileType = text.plist.entitlements; path = Gist.entitlements; sourceTree = "<group>"; };
		CE45956C2BB1C76500884863 /* Extensions.swift */ = {isa = PBXFileReference; fileEncoding = 4; lastKnownFileType = sourcecode.swift; path = Extensions.swift; sourceTree = "<group>"; };
		CE45956D2BB1C76500884863 /* Gist.swift */ = {isa = PBXFileReference; fileEncoding = 4; lastKnownFileType = sourcecode.swift; path = Gist.swift; sourceTree = "<group>"; };
		CE45956E2BB1C76500884863 /* Preference.swift */ = {isa = PBXFileReference; fileEncoding = 4; lastKnownFileType = sourcecode.swift; path = Preference.swift; sourceTree = "<group>"; };
		CE4595702BB1C76500884863 /* GistTableCellView.swift */ = {isa = PBXFileReference; fileEncoding = 4; lastKnownFileType = sourcecode.swift; path = GistTableCellView.swift; sourceTree = "<group>"; };
		CE4595722BB1C76500884863 /* Base */ = {isa = PBXFileReference; lastKnownFileType = file.xib; name = Base; path = Base.lproj/MainMenu.xib; sourceTree = "<group>"; };
		CE4595732BB1C76500884863 /* GistWindowController.swift */ = {isa = PBXFileReference; fileEncoding = 4; lastKnownFileType = sourcecode.swift; path = GistWindowController.swift; sourceTree = "<group>"; };
		CE4595742BB1C76500884863 /* NewGistPanelView.swift */ = {isa = PBXFileReference; fileEncoding = 4; lastKnownFileType = sourcecode.swift; path = NewGistPanelView.swift; sourceTree = "<group>"; };
		CE4595752BB1C76500884863 /* GistWindowController.xib */ = {isa = PBXFileReference; fileEncoding = 4; lastKnownFileType = file.xib; path = GistWindowController.xib; sourceTree = "<group>"; };
		CE4595762BB1C76500884863 /* NewGistViewController.xib */ = {isa = PBXFileReference; fileEncoding = 4; lastKnownFileType = file.xib; path = NewGistViewController.xib; sourceTree = "<group>"; };
		CE4595772BB1C76500884863 /* NewGistViewController.swift */ = {isa = PBXFileReference; fileEncoding = 4; lastKnownFileType = sourcecode.swift; path = NewGistViewController.swift; sourceTree = "<group>"; };
		CE4595782BB1C76500884863 /* CheckboxTableCellView.swift */ = {isa = PBXFileReference; fileEncoding = 4; lastKnownFileType = sourcecode.swift; path = CheckboxTableCellView.swift; sourceTree = "<group>"; };
		CE4595792BB1C76500884863 /* AppDelegate.swift */ = {isa = PBXFileReference; fileEncoding = 4; lastKnownFileType = sourcecode.swift; path = AppDelegate.swift; sourceTree = "<group>"; };
		CE45957B2BB1C76500884863 /* Assets.xcassets */ = {isa = PBXFileReference; lastKnownFileType = folder.assetcatalog; path = Assets.xcassets; sourceTree = "<group>"; };
		CE45957C2BB1C76500884863 /* Info.plist */ = {isa = PBXFileReference; fileEncoding = 4; lastKnownFileType = text.plist.xml; path = Info.plist; sourceTree = "<group>"; };
		E208F0212C69F9AD00E59F88 /* GistHelper.app */ = {isa = PBXFileReference; explicitFileType = wrapper.application; includeInIndex = 0; path = GistHelper.app; sourceTree = BUILT_PRODUCTS_DIR; };
		E208F0232C69F9AD00E59F88 /* AppDelegate.swift */ = {isa = PBXFileReference; lastKnownFileType = sourcecode.swift; path = AppDelegate.swift; sourceTree = "<group>"; };
		E208F0272C69F9AF00E59F88 /* Assets.xcassets */ = {isa = PBXFileReference; lastKnownFileType = folder.assetcatalog; path = Assets.xcassets; sourceTree = "<group>"; };
		E208F02A2C69F9AF00E59F88 /* Base */ = {isa = PBXFileReference; lastKnownFileType = file.storyboard; name = Base; path = Base.lproj/Main.storyboard; sourceTree = "<group>"; };
		E208F02C2C69F9AF00E59F88 /* GistHelper.entitlements */ = {isa = PBXFileReference; lastKnownFileType = text.plist.entitlements; path = GistHelper.entitlements; sourceTree = "<group>"; };
		E208F0302C69F9F900E59F88 /* Info.plist */ = {isa = PBXFileReference; lastKnownFileType = text.plist.xml; path = Info.plist; sourceTree = "<group>"; };
/* End PBXFileReference section */

/* Begin PBXFrameworksBuildPhase section */
		1E545FC11E0AD7E500D19810 /* Frameworks */ = {
			isa = PBXFrameworksBuildPhase;
			buildActionMask = 2147483647;
			files = (
				CE4595902BB1CD4300884863 /* HotKey in Frameworks */,
			);
			runOnlyForDeploymentPostprocessing = 0;
		};
		E208F01E2C69F9AD00E59F88 /* Frameworks */ = {
			isa = PBXFrameworksBuildPhase;
			buildActionMask = 2147483647;
			files = (
			);
			runOnlyForDeploymentPostprocessing = 0;
		};
/* End PBXFrameworksBuildPhase section */

/* Begin PBXGroup section */
		1E545FBB1E0AD7E500D19810 = {
			isa = PBXGroup;
			children = (
				CE45958D2BB1C95E00884863 /* Gist */,
				E208F0222C69F9AD00E59F88 /* GistHelper */,
				1E545FC51E0AD7E500D19810 /* Products */,
			);
			sourceTree = "<group>";
		};
		1E545FC51E0AD7E500D19810 /* Products */ = {
			isa = PBXGroup;
			children = (
				1E545FC41E0AD7E500D19810 /* Gist.app */,
				E208F0212C69F9AD00E59F88 /* GistHelper.app */,
			);
			name = Products;
			sourceTree = "<group>";
		};
		CE45956B2BB1C76500884863 /* Core */ = {
			isa = PBXGroup;
			children = (
				CE45956C2BB1C76500884863 /* Extensions.swift */,
				CE45956D2BB1C76500884863 /* Gist.swift */,
				CE45956E2BB1C76500884863 /* Preference.swift */,
				86831E252C9D27EA004750B4 /* MenuBuilder.swift */,
				863A2E3C2C9D5C31007E9A82 /* Helper.swift */,
			);
			path = Core;
			sourceTree = "<group>";
		};
		CE45956F2BB1C76500884863 /* Views */ = {
			isa = PBXGroup;
			children = (
				CE4595702BB1C76500884863 /* GistTableCellView.swift */,
				CE4595712BB1C76500884863 /* MainMenu.xib */,
				CE4595732BB1C76500884863 /* GistWindowController.swift */,
				CE4595742BB1C76500884863 /* NewGistPanelView.swift */,
				CE4595752BB1C76500884863 /* GistWindowController.xib */,
				CE4595762BB1C76500884863 /* NewGistViewController.xib */,
				CE4595772BB1C76500884863 /* NewGistViewController.swift */,
				CE4595782BB1C76500884863 /* CheckboxTableCellView.swift */,
			);
			path = Views;
			sourceTree = "<group>";
		};
		CE45957A2BB1C76500884863 /* Resources */ = {
			isa = PBXGroup;
			children = (
				CE45957B2BB1C76500884863 /* Assets.xcassets */,
				CE45957C2BB1C76500884863 /* Info.plist */,
			);
			path = Resources;
			sourceTree = "<group>";
		};
		CE45958D2BB1C95E00884863 /* Gist */ = {
			isa = PBXGroup;
			children = (
				86EE5AE42E3664AB008B10EC /* Gist.entitlements */,
				CE4595792BB1C76500884863 /* AppDelegate.swift */,
				CE45956B2BB1C76500884863 /* Core */,
				CE45957A2BB1C76500884863 /* Resources */,
				CE45956F2BB1C76500884863 /* Views */,
			);
			path = Gist;
			sourceTree = "<group>";
		};
		E208F0222C69F9AD00E59F88 /* GistHelper */ = {
			isa = PBXGroup;
			children = (
				E208F0232C69F9AD00E59F88 /* AppDelegate.swift */,
				E208F0272C69F9AF00E59F88 /* Assets.xcassets */,
				E208F0292C69F9AF00E59F88 /* Main.storyboard */,
				E208F02C2C69F9AF00E59F88 /* GistHelper.entitlements */,
				E208F0302C69F9F900E59F88 /* Info.plist */,
			);
			path = GistHelper;
			sourceTree = "<group>";
		};
/* End PBXGroup section */

/* Begin PBXNativeTarget section */
		1E545FC31E0AD7E500D19810 /* Gist */ = {
			isa = PBXNativeTarget;
			buildConfigurationList = 1E545FD11E0AD7E500D19810 /* Build configuration list for PBXNativeTarget "Gist" */;
			buildPhases = (
				1E545FC01E0AD7E500D19810 /* Sources */,
				1E545FC11E0AD7E500D19810 /* Frameworks */,
				1E545FC21E0AD7E500D19810 /* Resources */,
				E20B7CA82C69FC4100193EC6 /* CopyFiles */,
			);
			buildRules = (
			);
			dependencies = (
			);
			name = Gist;
			packageProductDependencies = (
				CE45958F2BB1CD4300884863 /* HotKey */,
			);
			productName = "todo-status-bar";
			productReference = 1E545FC41E0AD7E500D19810 /* Gist.app */;
			productType = "com.apple.product-type.application";
		};
		E208F0202C69F9AD00E59F88 /* GistHelper */ = {
			isa = PBXNativeTarget;
			buildConfigurationList = E208F02D2C69F9AF00E59F88 /* Build configuration list for PBXNativeTarget "GistHelper" */;
			buildPhases = (
				E208F01D2C69F9AD00E59F88 /* Sources */,
				E208F01E2C69F9AD00E59F88 /* Frameworks */,
				E208F01F2C69F9AD00E59F88 /* Resources */,
			);
			buildRules = (
			);
			dependencies = (
			);
			name = GistHelper;
			productName = GistHelper;
			productReference = E208F0212C69F9AD00E59F88 /* GistHelper.app */;
			productType = "com.apple.product-type.application";
		};
/* End PBXNativeTarget section */

/* Begin PBXProject section */
		1E545FBC1E0AD7E500D19810 /* Project object */ = {
			isa = PBXProject;
			attributes = {
				BuildIndependentTargetsInParallel = YES;
				LastSwiftUpdateCheck = 1530;
				LastUpgradeCheck = 1540;
				ORGANIZATIONNAME = "Uwais Alqadri";
				TargetAttributes = {
					1E545FC31E0AD7E500D19810 = {
						CreatedOnToolsVersion = 8.2.1;
						LastSwiftMigration = 1510;
					};
					E208F0202C69F9AD00E59F88 = {
						CreatedOnToolsVersion = 15.3;
					};
				};
			};
			buildConfigurationList = 1E545FBF1E0AD7E500D19810 /* Build configuration list for PBXProject "Gist" */;
			compatibilityVersion = "Xcode 14.0";
			developmentRegion = en;
			hasScannedForEncodings = 0;
			knownRegions = (
				en,
				Base,
			);
			mainGroup = 1E545FBB1E0AD7E500D19810;
			packageReferences = (
				CE45958E2BB1CD4300884863 /* XCRemoteSwiftPackageReference "HotKey" */,
			);
			productRefGroup = 1E545FC51E0AD7E500D19810 /* Products */;
			projectDirPath = "";
			projectRoot = "";
			targets = (
				1E545FC31E0AD7E500D19810 /* Gist */,
				E208F0202C69F9AD00E59F88 /* GistHelper */,
			);
		};
/* End PBXProject section */

/* Begin PBXResourcesBuildPhase section */
		1E545FC21E0AD7E500D19810 /* Resources */ = {
			isa = PBXResourcesBuildPhase;
			buildActionMask = 2147483647;
			files = (
				CE4595852BB1C76500884863 /* NewGistViewController.xib in Resources */,
				CE4595842BB1C76500884863 /* GistWindowController.xib in Resources */,
				CE4595892BB1C76500884863 /* Assets.xcassets in Resources */,
				CE4595812BB1C76500884863 /* MainMenu.xib in Resources */,
			);
			runOnlyForDeploymentPostprocessing = 0;
		};
		E208F01F2C69F9AD00E59F88 /* Resources */ = {
			isa = PBXResourcesBuildPhase;
			buildActionMask = 2147483647;
			files = (
				E208F0282C69F9AF00E59F88 /* Assets.xcassets in Resources */,
				E208F02B2C69F9AF00E59F88 /* Base in Resources */,
				E208F0312C69F9F900E59F88 /* Info.plist in Resources */,
			);
			runOnlyForDeploymentPostprocessing = 0;
		};
/* End PBXResourcesBuildPhase section */

/* Begin PBXSourcesBuildPhase section */
		1E545FC01E0AD7E500D19810 /* Sources */ = {
			isa = PBXSourcesBuildPhase;
			buildActionMask = 2147483647;
			files = (
				863A2E3D2C9D5C31007E9A82 /* Helper.swift in Sources */,
				CE4595872BB1C76500884863 /* CheckboxTableCellView.swift in Sources */,
				CE4595802BB1C76500884863 /* GistTableCellView.swift in Sources */,
				CE4595832BB1C76500884863 /* NewGistPanelView.swift in Sources */,
				CE4595882BB1C76500884863 /* AppDelegate.swift in Sources */,
				CE45957E2BB1C76500884863 /* Gist.swift in Sources */,
				CE4595822BB1C76500884863 /* GistWindowController.swift in Sources */,
				86831E262C9D27EA004750B4 /* MenuBuilder.swift in Sources */,
				CE45957F2BB1C76500884863 /* Preference.swift in Sources */,
				CE4595862BB1C76500884863 /* NewGistViewController.swift in Sources */,
				CE45957D2BB1C76500884863 /* Extensions.swift in Sources */,
			);
			runOnlyForDeploymentPostprocessing = 0;
		};
		E208F01D2C69F9AD00E59F88 /* Sources */ = {
			isa = PBXSourcesBuildPhase;
			buildActionMask = 2147483647;
			files = (
				E208F0242C69F9AD00E59F88 /* AppDelegate.swift in Sources */,
			);
			runOnlyForDeploymentPostprocessing = 0;
		};
/* End PBXSourcesBuildPhase section */

/* Begin PBXVariantGroup section */
		CE4595712BB1C76500884863 /* MainMenu.xib */ = {
			isa = PBXVariantGroup;
			children = (
				CE4595722BB1C76500884863 /* Base */,
			);
			name = MainMenu.xib;
			sourceTree = "<group>";
		};
		E208F0292C69F9AF00E59F88 /* Main.storyboard */ = {
			isa = PBXVariantGroup;
			children = (
				E208F02A2C69F9AF00E59F88 /* Base */,
			);
			name = Main.storyboard;
			sourceTree = "<group>";
		};
/* End PBXVariantGroup section */

/* Begin XCBuildConfiguration section */
		1E545FCF1E0AD7E500D19810 /* Debug */ = {
			isa = XCBuildConfiguration;
			buildSettings = {
				ALWAYS_SEARCH_USER_PATHS = NO;
				CLANG_ANALYZER_NONNULL = YES;
				CLANG_CXX_LANGUAGE_STANDARD = "gnu++0x";
				CLANG_CXX_LIBRARY = "libc++";
				CLANG_ENABLE_MODULES = YES;
				CLANG_ENABLE_OBJC_ARC = YES;
				CLANG_WARN_BLOCK_CAPTURE_AUTORELEASING = YES;
				CLANG_WARN_BOOL_CONVERSION = YES;
				CLANG_WARN_COMMA = YES;
				CLANG_WARN_CONSTANT_CONVERSION = YES;
				CLANG_WARN_DEPRECATED_OBJC_IMPLEMENTATIONS = YES;
				CLANG_WARN_DIRECT_OBJC_ISA_USAGE = YES_ERROR;
				CLANG_WARN_DOCUMENTATION_COMMENTS = YES;
				CLANG_WARN_EMPTY_BODY = YES;
				CLANG_WARN_ENUM_CONVERSION = YES;
				CLANG_WARN_INFINITE_RECURSION = YES;
				CLANG_WARN_INT_CONVERSION = YES;
				CLANG_WARN_NON_LITERAL_NULL_CONVERSION = YES;
				CLANG_WARN_OBJC_IMPLICIT_RETAIN_SELF = YES;
				CLANG_WARN_OBJC_LITERAL_CONVERSION = YES;
				CLANG_WARN_OBJC_ROOT_CLASS = YES_ERROR;
				CLANG_WARN_QUOTED_INCLUDE_IN_FRAMEWORK_HEADER = YES;
				CLANG_WARN_RANGE_LOOP_ANALYSIS = YES;
				CLANG_WARN_STRICT_PROTOTYPES = YES;
				CLANG_WARN_SUSPICIOUS_MOVE = YES;
				CLANG_WARN_UNREACHABLE_CODE = YES;
				CLANG_WARN__DUPLICATE_METHOD_MATCH = YES;
				CODE_SIGN_IDENTITY = "-";
				COPY_PHASE_STRIP = NO;
				DEAD_CODE_STRIPPING = YES;
				DEBUG_INFORMATION_FORMAT = dwarf;
				ENABLE_STRICT_OBJC_MSGSEND = YES;
				ENABLE_TESTABILITY = YES;
				GCC_C_LANGUAGE_STANDARD = gnu99;
				GCC_DYNAMIC_NO_PIC = NO;
				GCC_NO_COMMON_BLOCKS = YES;
				GCC_OPTIMIZATION_LEVEL = 0;
				GCC_PREPROCESSOR_DEFINITIONS = (
					"DEBUG=1",
					"$(inherited)",
				);
				GCC_WARN_64_TO_32_BIT_CONVERSION = YES;
				GCC_WARN_ABOUT_RETURN_TYPE = YES_ERROR;
				GCC_WARN_UNDECLARED_SELECTOR = YES;
				GCC_WARN_UNINITIALIZED_AUTOS = YES_AGGRESSIVE;
				GCC_WARN_UNUSED_FUNCTION = YES;
				GCC_WARN_UNUSED_VARIABLE = YES;
				LD_MAP_FILE_PATH = "$(TARGET_TEMP_DIR)/Gist-LinkMap-$(CURRENT_VARIANT)-$(CURRENT_ARCH).txt";
				MACOSX_DEPLOYMENT_TARGET = 10.12;
				MTL_ENABLE_DEBUG_INFO = YES;
				ONLY_ACTIVE_ARCH = YES;
				SDKROOT = macosx;
				SWIFT_ACTIVE_COMPILATION_CONDITIONS = DEBUG;
				SWIFT_OPTIMIZATION_LEVEL = "-Onone";
			};
			name = Debug;
		};
		1E545FD01E0AD7E500D19810 /* Release */ = {
			isa = XCBuildConfiguration;
			buildSettings = {
				ALWAYS_SEARCH_USER_PATHS = NO;
				CLANG_ANALYZER_NONNULL = YES;
				CLANG_CXX_LANGUAGE_STANDARD = "gnu++0x";
				CLANG_CXX_LIBRARY = "libc++";
				CLANG_ENABLE_MODULES = YES;
				CLANG_ENABLE_OBJC_ARC = YES;
				CLANG_WARN_BLOCK_CAPTURE_AUTORELEASING = YES;
				CLANG_WARN_BOOL_CONVERSION = YES;
				CLANG_WARN_COMMA = YES;
				CLANG_WARN_CONSTANT_CONVERSION = YES;
				CLANG_WARN_DEPRECATED_OBJC_IMPLEMENTATIONS = YES;
				CLANG_WARN_DIRECT_OBJC_ISA_USAGE = YES_ERROR;
				CLANG_WARN_DOCUMENTATION_COMMENTS = YES;
				CLANG_WARN_EMPTY_BODY = YES;
				CLANG_WARN_ENUM_CONVERSION = YES;
				CLANG_WARN_INFINITE_RECURSION = YES;
				CLANG_WARN_INT_CONVERSION = YES;
				CLANG_WARN_NON_LITERAL_NULL_CONVERSION = YES;
				CLANG_WARN_OBJC_IMPLICIT_RETAIN_SELF = YES;
				CLANG_WARN_OBJC_LITERAL_CONVERSION = YES;
				CLANG_WARN_OBJC_ROOT_CLASS = YES_ERROR;
				CLANG_WARN_QUOTED_INCLUDE_IN_FRAMEWORK_HEADER = YES;
				CLANG_WARN_RANGE_LOOP_ANALYSIS = YES;
				CLANG_WARN_STRICT_PROTOTYPES = YES;
				CLANG_WARN_SUSPICIOUS_MOVE = YES;
				CLANG_WARN_UNREACHABLE_CODE = YES;
				CLANG_WARN__DUPLICATE_METHOD_MATCH = YES;
				CODE_SIGN_IDENTITY = "-";
				COPY_PHASE_STRIP = NO;
				DEAD_CODE_STRIPPING = YES;
				DEBUG_INFORMATION_FORMAT = "dwarf-with-dsym";
				ENABLE_NS_ASSERTIONS = NO;
				ENABLE_STRICT_OBJC_MSGSEND = YES;
				GCC_C_LANGUAGE_STANDARD = gnu99;
				GCC_NO_COMMON_BLOCKS = YES;
				GCC_WARN_64_TO_32_BIT_CONVERSION = YES;
				GCC_WARN_ABOUT_RETURN_TYPE = YES_ERROR;
				GCC_WARN_UNDECLARED_SELECTOR = YES;
				GCC_WARN_UNINITIALIZED_AUTOS = YES_AGGRESSIVE;
				GCC_WARN_UNUSED_FUNCTION = YES;
				GCC_WARN_UNUSED_VARIABLE = YES;
				LD_MAP_FILE_PATH = "$(TARGET_TEMP_DIR)/Gist-LinkMap-$(CURRENT_VARIANT)-$(CURRENT_ARCH).txt";
				MACOSX_DEPLOYMENT_TARGET = 10.12;
				MTL_ENABLE_DEBUG_INFO = NO;
				SDKROOT = macosx;
				SWIFT_COMPILATION_MODE = wholemodule;
				SWIFT_OPTIMIZATION_LEVEL = "-O";
			};
			name = Release;
		};
		1E545FD21E0AD7E500D19810 /* Debug */ = {
			isa = XCBuildConfiguration;
			buildSettings = {
				ASSETCATALOG_COMPILER_APPICON_NAME = AppIcon;
				CLANG_ENABLE_MODULES = YES;
				CODE_SIGN_ENTITLEMENTS = Gist/Gist.entitlements;
				CODE_SIGN_IDENTITY = "Apple Development";
				"CODE_SIGN_IDENTITY[sdk=macosx*]" = "-";
				CODE_SIGN_STYLE = Manual;
				COMBINE_HIDPI_IMAGES = YES;
				CURRENT_PROJECT_VERSION = 1;
				DEAD_CODE_STRIPPING = YES;
				DEVELOPMENT_TEAM = "";
				"DEVELOPMENT_TEAM[sdk=macosx*]" = SM8JGRFPQU;
				INFOPLIST_FILE = "$(TARGET_NAME)/Resources/Info.plist";
				INFOPLIST_KEY_CFBundleDisplayName = Gist;
				INFOPLIST_KEY_LSApplicationCategoryType = "public.app-category.productivity";
				LD_RUNPATH_SEARCH_PATHS = (
					"$(inherited)",
					"@executable_path/../Frameworks",
				);
				MACOSX_DEPLOYMENT_TARGET = 13.0;
				MARKETING_VERSION = 1.0.0;
				PRODUCT_BUNDLE_IDENTIFIER = com.uwaisalqadri.app.gist;
				PRODUCT_NAME = "$(TARGET_NAME)";
				PROVISIONING_PROFILE_SPECIFIER = "";
				"PROVISIONING_PROFILE_SPECIFIER[sdk=macosx*]" = "Wes's Provisioning";
				SWIFT_OPTIMIZATION_LEVEL = "-Onone";
				SWIFT_VERSION = 4.0;
			};
			name = Debug;
		};
		1E545FD31E0AD7E500D19810 /* Release */ = {
			isa = XCBuildConfiguration;
			buildSettings = {
				ASSETCATALOG_COMPILER_APPICON_NAME = AppIcon;
				CLANG_ENABLE_MODULES = YES;
				CODE_SIGN_ENTITLEMENTS = Gist/Gist.entitlements;
				CODE_SIGN_IDENTITY = "Apple Development";
				"CODE_SIGN_IDENTITY[sdk=macosx*]" = "-";
				CODE_SIGN_STYLE = Manual;
				COMBINE_HIDPI_IMAGES = YES;
				CURRENT_PROJECT_VERSION = 1;
				DEAD_CODE_STRIPPING = YES;
				DEVELOPMENT_TEAM = "";
				"DEVELOPMENT_TEAM[sdk=macosx*]" = SM8JGRFPQU;
				INFOPLIST_FILE = "$(TARGET_NAME)/Resources/Info.plist";
				INFOPLIST_KEY_CFBundleDisplayName = Gist;
				INFOPLIST_KEY_LSApplicationCategoryType = "public.app-category.productivity";
				LD_RUNPATH_SEARCH_PATHS = (
					"$(inherited)",
					"@executable_path/../Frameworks",
				);
				MACOSX_DEPLOYMENT_TARGET = 13.0;
				MARKETING_VERSION = 1.0.0;
				PRODUCT_BUNDLE_IDENTIFIER = com.uwaisalqadri.app.gist;
				PRODUCT_NAME = "$(TARGET_NAME)";
				PROVISIONING_PROFILE_SPECIFIER = "";
				"PROVISIONING_PROFILE_SPECIFIER[sdk=macosx*]" = "Wes's Provisioning";
				SWIFT_VERSION = 4.0;
			};
			name = Release;
		};
		E208F02E2C69F9AF00E59F88 /* Debug */ = {
			isa = XCBuildConfiguration;
			buildSettings = {
				ASSETCATALOG_COMPILER_APPICON_NAME = AppIcon;
				ASSETCATALOG_COMPILER_GENERATE_SWIFT_ASSET_SYMBOL_EXTENSIONS = YES;
				ASSETCATALOG_COMPILER_GLOBAL_ACCENT_COLOR_NAME = AccentColor;
				ASSETCATALOG_COMPILER_INCLUDE_ALL_APPICON_ASSETS = YES;
				CLANG_ANALYZER_NUMBER_OBJECT_CONVERSION = YES_AGGRESSIVE;
				CLANG_CXX_LANGUAGE_STANDARD = "gnu++20";
				CLANG_ENABLE_OBJC_WEAK = YES;
				CLANG_WARN_BLOCK_CAPTURE_AUTORELEASING = YES;
				CLANG_WARN_COMMA = YES;
				CLANG_WARN_DEPRECATED_OBJC_IMPLEMENTATIONS = YES;
				CLANG_WARN_NON_LITERAL_NULL_CONVERSION = YES;
				CLANG_WARN_OBJC_IMPLICIT_RETAIN_SELF = YES;
				CLANG_WARN_OBJC_LITERAL_CONVERSION = YES;
				CLANG_WARN_QUOTED_INCLUDE_IN_FRAMEWORK_HEADER = YES;
				CLANG_WARN_RANGE_LOOP_ANALYSIS = YES;
				CLANG_WARN_STRICT_PROTOTYPES = YES;
				CLANG_WARN_UNGUARDED_AVAILABILITY = YES_AGGRESSIVE;
				CODE_SIGN_ENTITLEMENTS = GistHelper/GistHelper.entitlements;
				"CODE_SIGN_IDENTITY[sdk=macosx*]" = "-";
				CODE_SIGN_STYLE = Automatic;
				COMBINE_HIDPI_IMAGES = YES;
				CURRENT_PROJECT_VERSION = 1;
				DEAD_CODE_STRIPPING = YES;
				DEVELOPMENT_TEAM = SM8JGRFPQU;
				ENABLE_HARDENED_RUNTIME = YES;
				ENABLE_USER_SCRIPT_SANDBOXING = YES;
				GCC_C_LANGUAGE_STANDARD = gnu17;
				GENERATE_INFOPLIST_FILE = YES;
				INFOPLIST_KEY_CFBundleDisplayName = Gist;
				INFOPLIST_KEY_LSApplicationCategoryType = "public.app-category.productivity";
				INFOPLIST_KEY_NSHumanReadableCopyright = "Copyright © 2024 Uwais Alqadri. All rights reserved.";
				INFOPLIST_KEY_NSMainStoryboardFile = Main;
				INFOPLIST_KEY_NSPrincipalClass = NSApplication;
				LD_RUNPATH_SEARCH_PATHS = (
					"$(inherited)",
					"@executable_path/../Frameworks",
				);
				LOCALIZATION_PREFERS_STRING_CATALOGS = YES;
				MACOSX_DEPLOYMENT_TARGET = 13.0;
				MARKETING_VERSION = 1.0.0;
				MTL_ENABLE_DEBUG_INFO = INCLUDE_SOURCE;
				MTL_FAST_MATH = YES;
				PRODUCT_BUNDLE_IDENTIFIER = com.uwaisalqadri.app.gist.helper;
				PRODUCT_NAME = "$(TARGET_NAME)";
				SWIFT_ACTIVE_COMPILATION_CONDITIONS = "DEBUG $(inherited)";
				SWIFT_EMIT_LOC_STRINGS = YES;
				SWIFT_VERSION = 5.0;
			};
			name = Debug;
		};
		E208F02F2C69F9AF00E59F88 /* Release */ = {
			isa = XCBuildConfiguration;
			buildSettings = {
				ASSETCATALOG_COMPILER_APPICON_NAME = AppIcon;
				ASSETCATALOG_COMPILER_GENERATE_SWIFT_ASSET_SYMBOL_EXTENSIONS = YES;
				ASSETCATALOG_COMPILER_GLOBAL_ACCENT_COLOR_NAME = AccentColor;
				ASSETCATALOG_COMPILER_INCLUDE_ALL_APPICON_ASSETS = YES;
				CLANG_ANALYZER_NUMBER_OBJECT_CONVERSION = YES_AGGRESSIVE;
				CLANG_CXX_LANGUAGE_STANDARD = "gnu++20";
				CLANG_ENABLE_OBJC_WEAK = YES;
				CLANG_WARN_BLOCK_CAPTURE_AUTORELEASING = YES;
				CLANG_WARN_COMMA = YES;
				CLANG_WARN_DEPRECATED_OBJC_IMPLEMENTATIONS = YES;
				CLANG_WARN_NON_LITERAL_NULL_CONVERSION = YES;
				CLANG_WARN_OBJC_IMPLICIT_RETAIN_SELF = YES;
				CLANG_WARN_OBJC_LITERAL_CONVERSION = YES;
				CLANG_WARN_QUOTED_INCLUDE_IN_FRAMEWORK_HEADER = YES;
				CLANG_WARN_RANGE_LOOP_ANALYSIS = YES;
				CLANG_WARN_STRICT_PROTOTYPES = YES;
				CLANG_WARN_UNGUARDED_AVAILABILITY = YES_AGGRESSIVE;
				CODE_SIGN_ENTITLEMENTS = GistHelper/GistHelper.entitlements;
				"CODE_SIGN_IDENTITY[sdk=macosx*]" = "-";
				CODE_SIGN_STYLE = Automatic;
				COMBINE_HIDPI_IMAGES = YES;
				CURRENT_PROJECT_VERSION = 1;
				DEAD_CODE_STRIPPING = YES;
				DEVELOPMENT_TEAM = SM8JGRFPQU;
				ENABLE_HARDENED_RUNTIME = YES;
				ENABLE_USER_SCRIPT_SANDBOXING = YES;
				GCC_C_LANGUAGE_STANDARD = gnu17;
				GENERATE_INFOPLIST_FILE = YES;
				INFOPLIST_KEY_CFBundleDisplayName = Gist;
				INFOPLIST_KEY_LSApplicationCategoryType = "public.app-category.productivity";
				INFOPLIST_KEY_NSHumanReadableCopyright = "Copyright © 2024 Uwais Alqadri. All rights reserved.";
				INFOPLIST_KEY_NSMainStoryboardFile = Main;
				INFOPLIST_KEY_NSPrincipalClass = NSApplication;
				LD_RUNPATH_SEARCH_PATHS = (
					"$(inherited)",
					"@executable_path/../Frameworks",
				);
				LOCALIZATION_PREFERS_STRING_CATALOGS = YES;
				MACOSX_DEPLOYMENT_TARGET = 13.0;
				MARKETING_VERSION = 1.0.0;
				MTL_FAST_MATH = YES;
				PRODUCT_BUNDLE_IDENTIFIER = com.uwaisalqadri.app.gist.helper;
				PRODUCT_NAME = "$(TARGET_NAME)";
				SWIFT_EMIT_LOC_STRINGS = YES;
				SWIFT_VERSION = 5.0;
			};
			name = Release;
		};
/* End XCBuildConfiguration section */

/* Begin XCConfigurationList section */
		1E545FBF1E0AD7E500D19810 /* Build configuration list for PBXProject "Gist" */ = {
			isa = XCConfigurationList;
			buildConfigurations = (
				1E545FCF1E0AD7E500D19810 /* Debug */,
				1E545FD01E0AD7E500D19810 /* Release */,
			);
			defaultConfigurationIsVisible = 0;
			defaultConfigurationName = Release;
		};
		1E545FD11E0AD7E500D19810 /* Build configuration list for PBXNativeTarget "Gist" */ = {
			isa = XCConfigurationList;
			buildConfigurations = (
				1E545FD21E0AD7E500D19810 /* Debug */,
				1E545FD31E0AD7E500D19810 /* Release */,
			);
			defaultConfigurationIsVisible = 0;
			defaultConfigurationName = Release;
		};
		E208F02D2C69F9AF00E59F88 /* Build configuration list for PBXNativeTarget "GistHelper" */ = {
			isa = XCConfigurationList;
			buildConfigurations = (
				E208F02E2C69F9AF00E59F88 /* Debug */,
				E208F02F2C69F9AF00E59F88 /* Release */,
			);
			defaultConfigurationIsVisible = 0;
			defaultConfigurationName = Release;
		};
/* End XCConfigurationList section */

/* Begin XCRemoteSwiftPackageReference section */
		CE45958E2BB1CD4300884863 /* XCRemoteSwiftPackageReference "HotKey" */ = {
			isa = XCRemoteSwiftPackageReference;
			repositoryURL = "https://github.com/soffes/HotKey";
			requirement = {
				kind = exactVersion;
				version = 0.2.0;
			};
		};
/* End XCRemoteSwiftPackageReference section */

/* Begin XCSwiftPackageProductDependency section */
		CE45958F2BB1CD4300884863 /* HotKey */ = {
			isa = XCSwiftPackageProductDependency;
			package = CE45958E2BB1CD4300884863 /* XCRemoteSwiftPackageReference "HotKey" */;
			productName = HotKey;
		};
/* End XCSwiftPackageProductDependency section */
	};
	rootObject = 1E545FBC1E0AD7E500D19810 /* Project object */;
}
